
Microsoft Visual Studio Solution File, Format Version 12.00
# Visual Studio Version 17
VisualStudioVersion = 17.11.35312.102
MinimumVisualStudioVersion = 10.0.40219.1
Project("{9A19103F-16F7-4668-BE54-9A1E7A4F7556}") = "k2", "k2\k2.csproj", "{E259C3C3-75CB-4E39-8B05-440E73D8C71A}"
EndProject
Project("{2150E333-8FDC-42A3-9474-1A3956D46DE8}") = "Elementi di soluzione", "Elementi di soluzione", "{EA9EF5BA-F983-400D-BB49-FAA93384A4E8}"
	ProjectSection(SolutionItems) = preProject
		Forms.cs = Forms.cs
	EndProjectSection
EndProject
Global
	GlobalSection(SolutionConfigurationPlatforms) = preSolution
		Debug|Any CPU = Debug|Any CPU
		Release|Any CPU = Release|Any CPU
	EndGlobalSection
	GlobalSection(ProjectConfigurationPlatforms) = postSolution
		{E259C3C3-75CB-4E39-8B05-440E73D8C71A}.Debug|Any CPU.ActiveCfg = Debug|Any CPU
		{E259C3C3-75CB-4E39-8B05-440E73D8C71A}.Debug|Any CPU.Build.0 = Debug|Any CPU
		{E259C3C3-75CB-4E39-8B05-440E73D8C71A}.Release|Any CPU.ActiveCfg = Release|Any CPU
		{E259C3C3-75CB-4E39-8B05-440E73D8C71A}.Release|Any CPU.Build.0 = Release|Any CPU
	EndGlobalSection
	GlobalSection(SolutionProperties) = preSolution
		HideSolutionNode = FALSE
	EndGlobalSection
	GlobalSection(ExtensibilityGlobals) = postSolution
		SolutionGuid = {FD692ACD-AD62-441D-B59B-CC0E385A8315}
	EndGlobalSection
EndGlobal
